
Microsoft Visual Studio Solution File, Format Version 12.00
# Visual Studio 2013
VisualStudioVersion = 12.0.21005.1
MinimumVisualStudioVersion = 10.0.40219.1
Project("{8BC9CEB8-8B4A-11D0-8D11-00A0C91BC942}") = "项目分配", "项目分配\项目分配.vcxproj", "{5D7E17BA-2B5E-44BC-AD3D-4865AD3D4F73}"
EndProject
Global
	GlobalSection(SolutionConfigurationPlatforms) = preSolution
		Debug|Win32 = Debug|Win32
		Release|Win32 = Release|Win32
	EndGlobalSection
	GlobalSection(ProjectConfigurationPlatforms) = postSolution
		{5D7E17BA-2B5E-44BC-AD3D-4865AD3D4F73}.Debug|Win32.ActiveCfg = Debug|Win32
		{5D7E17BA-2B5E-44BC-AD3D-4865AD3D4F73}.Debug|Win32.Build.0 = Debug|Win32
		{5D7E17BA-2B5E-44BC-AD3D-4865AD3D4F73}.Release|Win32.ActiveCfg = Release|Win32
		{5D7E17BA-2B5E-44BC-AD3D-4865AD3D4F73}.Release|Win32.Build.0 = Release|Win32
	EndGlobalSection
	GlobalSection(SolutionProperties) = preSolution
		HideSolutionNode = FALSE
	EndGlobalSection
EndGlobal
