
Microsoft Visual Studio Solution File, Format Version 12.00
# Visual Studio 2013
VisualStudioVersion = 12.0.21005.1
MinimumVisualStudioVersion = 10.0.40219.1
Project("{8BC9CEB8-8B4A-11D0-8D11-00A0C91BC942}") = "员工的重要性", "员工的重要性\员工的重要性.vcxproj", "{F93DD8CB-D20A-4DC4-B01D-95E5E260D563}"
EndProject
Global
	GlobalSection(SolutionConfigurationPlatforms) = preSolution
		Debug|Win32 = Debug|Win32
		Release|Win32 = Release|Win32
	EndGlobalSection
	GlobalSection(ProjectConfigurationPlatforms) = postSolution
		{F93DD8CB-D20A-4DC4-B01D-95E5E260D563}.Debug|Win32.ActiveCfg = Debug|Win32
		{F93DD8CB-D20A-4DC4-B01D-95E5E260D563}.Debug|Win32.Build.0 = Debug|Win32
		{F93DD8CB-D20A-4DC4-B01D-95E5E260D563}.Release|Win32.ActiveCfg = Release|Win32
		{F93DD8CB-D20A-4DC4-B01D-95E5E260D563}.Release|Win32.Build.0 = Release|Win32
	EndGlobalSection
	GlobalSection(SolutionProperties) = preSolution
		HideSolutionNode = FALSE
	EndGlobalSection
EndGlobal
