
Microsoft Visual Studio Solution File, Format Version 12.00
# Visual Studio 2013
VisualStudioVersion = 12.0.21005.1
MinimumVisualStudioVersion = 10.0.40219.1
Project("{8BC9CEB8-8B4A-11D0-8D11-00A0C91BC942}") = "验证前序遍历二叉搜索树", "验证前序遍历二叉搜索树\验证前序遍历二叉搜索树.vcxproj", "{81C289B1-CA15-453D-933A-8A2A73AB3A6A}"
EndProject
Global
	GlobalSection(SolutionConfigurationPlatforms) = preSolution
		Debug|Win32 = Debug|Win32
		Release|Win32 = Release|Win32
	EndGlobalSection
	GlobalSection(ProjectConfigurationPlatforms) = postSolution
		{81C289B1-CA15-453D-933A-8A2A73AB3A6A}.Debug|Win32.ActiveCfg = Debug|Win32
		{81C289B1-CA15-453D-933A-8A2A73AB3A6A}.Debug|Win32.Build.0 = Debug|Win32
		{81C289B1-CA15-453D-933A-8A2A73AB3A6A}.Release|Win32.ActiveCfg = Release|Win32
		{81C289B1-CA15-453D-933A-8A2A73AB3A6A}.Release|Win32.Build.0 = Release|Win32
	EndGlobalSection
	GlobalSection(SolutionProperties) = preSolution
		HideSolutionNode = FALSE
	EndGlobalSection
EndGlobal
