
Microsoft Visual Studio Solution File, Format Version 12.00
# Visual Studio 2013
VisualStudioVersion = 12.0.21005.1
MinimumVisualStudioVersion = 10.0.40219.1
Project("{8BC9CEB8-8B4A-11D0-8D11-00A0C91BC942}") = "最长上升子序列", "最长上升子序列\最长上升子序列.vcxproj", "{14C39C32-7565-465B-8A27-2C48B92553A2}"
EndProject
Global
	GlobalSection(SolutionConfigurationPlatforms) = preSolution
		Debug|Win32 = Debug|Win32
		Release|Win32 = Release|Win32
	EndGlobalSection
	GlobalSection(ProjectConfigurationPlatforms) = postSolution
		{14C39C32-7565-465B-8A27-2C48B92553A2}.Debug|Win32.ActiveCfg = Debug|Win32
		{14C39C32-7565-465B-8A27-2C48B92553A2}.Debug|Win32.Build.0 = Debug|Win32
		{14C39C32-7565-465B-8A27-2C48B92553A2}.Release|Win32.ActiveCfg = Release|Win32
		{14C39C32-7565-465B-8A27-2C48B92553A2}.Release|Win32.Build.0 = Release|Win32
	EndGlobalSection
	GlobalSection(SolutionProperties) = preSolution
		HideSolutionNode = FALSE
	EndGlobalSection
EndGlobal
